// !$*UTF8*$!
{
	archiveVersion = 1;
	classes = {
	};
	objectVersion = 46;
	objects = {

/* Begin PBXBuildFile section */
		6247E76D1E839ACC003F26C2 /* FirstSectionViewModel.m in Sources */ = {isa = PBXBuildFile; fileRef = 6247E7361E839ACC003F26C2 /* FirstSectionViewModel.m */; };
		6247E7701E839ACC003F26C2 /* T1TempTableViewVC.m in Sources */ = {isa = PBXBuildFile; fileRef = 6247E73F1E839ACC003F26C2 /* T1TempTableViewVC.m */; };
		6247E7711E839ACC003F26C2 /* T1TempTableViewVC.xib in Resources */ = {isa = PBXBuildFile; fileRef = 6247E7401E839ACC003F26C2 /* T1TempTableViewVC.xib */; };
		6247E7721E839ACC003F26C2 /* TempTableViewCell.m in Sources */ = {isa = PBXBuildFile; fileRef = 6247E7421E839ACC003F26C2 /* TempTableViewCell.m */; };
		6247E7731E839ACC003F26C2 /* TempTableViewCell.xib in Resources */ = {isa = PBXBuildFile; fileRef = 6247E7431E839ACC003F26C2 /* TempTableViewCell.xib */; };
		6247E7741E839ACC003F26C2 /* ContentTableViewCell.m in Sources */ = {isa = PBXBuildFile; fileRef = 6247E7461E839ACC003F26C2 /* ContentTableViewCell.m */; };
		6247E7751E839ACC003F26C2 /* ContentTableViewCell.xib in Resources */ = {isa = PBXBuildFile; fileRef = 6247E7471E839ACC003F26C2 /* ContentTableViewCell.xib */; };
		6247E7761E839ACC003F26C2 /* ContentVC.m in Sources */ = {isa = PBXBuildFile; fileRef = 6247E7491E839ACC003F26C2 /* ContentVC.m */; };
		6247E7771E839ACC003F26C2 /* ContentVC.xib in Resources */ = {isa = PBXBuildFile; fileRef = 6247E74A1E839ACC003F26C2 /* ContentVC.xib */; };
		6247E7781E839ACC003F26C2 /* ScrollViewVC.m in Sources */ = {isa = PBXBuildFile; fileRef = 6247E74D1E839ACC003F26C2 /* ScrollViewVC.m */; };
		6247E7791E839ACC003F26C2 /* ScrollViewVC.xib in Resources */ = {isa = PBXBuildFile; fileRef = 6247E74E1E839ACC003F26C2 /* ScrollViewVC.xib */; };
		6247E77A1E839ACC003F26C2 /* TouchDetailVC.m in Sources */ = {isa = PBXBuildFile; fileRef = 6247E7521E839ACC003F26C2 /* TouchDetailVC.m */; };
		6247E77B1E839ACC003F26C2 /* TouchDetailVC.xib in Resources */ = {isa = PBXBuildFile; fileRef = 6247E7531E839ACC003F26C2 /* TouchDetailVC.xib */; };
		6247E77C1E839ACC003F26C2 /* TouchListVC.m in Sources */ = {isa = PBXBuildFile; fileRef = 6247E7551E839ACC003F26C2 /* TouchListVC.m */; };
		6247E77D1E839ACC003F26C2 /* TouchListVC.xib in Resources */ = {isa = PBXBuildFile; fileRef = 6247E7561E839ACC003F26C2 /* TouchListVC.xib */; };
		6247E77E1E839ACC003F26C2 /* TouchListViewModel.m in Sources */ = {isa = PBXBuildFile; fileRef = 6247E7581E839ACC003F26C2 /* TouchListViewModel.m */; };
		6247E77F1E839ACC003F26C2 /* TouchModel.m in Sources */ = {isa = PBXBuildFile; fileRef = 6247E75A1E839ACC003F26C2 /* TouchModel.m */; };
		6247E7801E839ACC003F26C2 /* CustomFlowLayoutCell.m in Sources */ = {isa = PBXBuildFile; fileRef = 6247E75D1E839ACC003F26C2 /* CustomFlowLayoutCell.m */; };
		6247E7811E839ACC003F26C2 /* CustomFlowLayoutCell.xib in Resources */ = {isa = PBXBuildFile; fileRef = 6247E75E1E839ACC003F26C2 /* CustomFlowLayoutCell.xib */; };
		6247E7821E839ACC003F26C2 /* CustomFlowLayoutVC.m in Sources */ = {isa = PBXBuildFile; fileRef = 6247E7601E839ACC003F26C2 /* CustomFlowLayoutVC.m */; };
		6247E7831E839ACC003F26C2 /* CustomFlowLayoutVC.xib in Resources */ = {isa = PBXBuildFile; fileRef = 6247E7611E839ACC003F26C2 /* CustomFlowLayoutVC.xib */; };
		6247E7841E839ACC003F26C2 /* GLCollectionViewFlowLayou.m in Sources */ = {isa = PBXBuildFile; fileRef = 6247E7631E839ACC003F26C2 /* GLCollectionViewFlowLayou.m */; };
		6247E7851E839ACC003F26C2 /* ScanCodeVC.m in Sources */ = {isa = PBXBuildFile; fileRef = 6247E7661E839ACC003F26C2 /* ScanCodeVC.m */; };
		6247E7861E839ACC003F26C2 /* ScanCodeVC.xib in Resources */ = {isa = PBXBuildFile; fileRef = 6247E7671E839ACC003F26C2 /* ScanCodeVC.xib */; };
		6247E7871E839ACC003F26C2 /* JSPatchVC.m in Sources */ = {isa = PBXBuildFile; fileRef = 6247E76B1E839ACC003F26C2 /* JSPatchVC.m */; };
		6247E7881E839ACC003F26C2 /* JSPatchVC.xib in Resources */ = {isa = PBXBuildFile; fileRef = 6247E76C1E839ACC003F26C2 /* JSPatchVC.xib */; };
		6247E78A1E839BC8003F26C2 /* main.js in Resources */ = {isa = PBXBuildFile; fileRef = 6247E7891E839BC8003F26C2 /* main.js */; };
		6247E7A71E839CF5003F26C2 /* NotificationCenter.framework in Frameworks */ = {isa = PBXBuildFile; fileRef = 6247E7911E839C94003F26C2 /* NotificationCenter.framework */; };
		6247E7AB1E839CF5003F26C2 /* TodayViewController.m in Sources */ = {isa = PBXBuildFile; fileRef = 6247E7AA1E839CF5003F26C2 /* TodayViewController.m */; };
		6247E7AE1E839CF5003F26C2 /* MainInterface.storyboard in Resources */ = {isa = PBXBuildFile; fileRef = 6247E7AC1E839CF5003F26C2 /* MainInterface.storyboard */; };
		6247E7B21E839CF5003F26C2 /* DomeToday.appex in Embed App Extensions */ = {isa = PBXBuildFile; fileRef = 6247E7A61E839CF5003F26C2 /* DomeToday.appex */; settings = {ATTRIBUTES = (RemoveHeadersOnCopy, ); }; };
		6247E7B81E83AD9B003F26C2 /* TodayShowCell.m in Sources */ = {isa = PBXBuildFile; fileRef = 6247E7B71E83AD9B003F26C2 /* TodayShowCell.m */; };
		6247E7BB1E83AE9E003F26C2 /* TodayModel.m in Sources */ = {isa = PBXBuildFile; fileRef = 6247E7BA1E83AE9E003F26C2 /* TodayModel.m */; };
		628CC90F1CC0880C00FBE461 /* main.m in Sources */ = {isa = PBXBuildFile; fileRef = 628CC90E1CC0880C00FBE461 /* main.m */; };
		628CC9121CC0880C00FBE461 /* AppDelegate.m in Sources */ = {isa = PBXBuildFile; fileRef = 628CC9111CC0880C00FBE461 /* AppDelegate.m */; };
		628CC91A1CC0880C00FBE461 /* Assets.xcassets in Resources */ = {isa = PBXBuildFile; fileRef = 628CC9191CC0880C00FBE461 /* Assets.xcassets */; };
		628CC91D1CC0880C00FBE461 /* LaunchScreen.storyboard in Resources */ = {isa = PBXBuildFile; fileRef = 628CC91B1CC0880C00FBE461 /* LaunchScreen.storyboard */; };
		628CC9271CC08C8C00FBE461 /* FirstVC.m in Sources */ = {isa = PBXBuildFile; fileRef = 628CC9251CC08C8C00FBE461 /* FirstVC.m */; };
		628CC9281CC08C8C00FBE461 /* FirstVC.xib in Resources */ = {isa = PBXBuildFile; fileRef = 628CC9261CC08C8C00FBE461 /* FirstVC.xib */; };
		628CC92B1CC08DDF00FBE461 /* FirstViewModel.m in Sources */ = {isa = PBXBuildFile; fileRef = 628CC92A1CC08DDF00FBE461 /* FirstViewModel.m */; };
		628CC9411CC094EC00FBE461 /* BaseVC.m in Sources */ = {isa = PBXBuildFile; fileRef = 628CC9401CC094EC00FBE461 /* BaseVC.m */; };
		62AD87901D4A006200AB65BA /* JavaScriptCore.framework in Frameworks */ = {isa = PBXBuildFile; fileRef = 62AD878F1D4A006200AB65BA /* JavaScriptCore.framework */; };
		62AD87921D4A024300AB65BA /* libz.tbd in Frameworks */ = {isa = PBXBuildFile; fileRef = 62AD87911D4A024300AB65BA /* libz.tbd */; };
		62AD879F1D4A116400AB65BA /* JSPatch.framework in Frameworks */ = {isa = PBXBuildFile; fileRef = 62AD879E1D4A116400AB65BA /* JSPatch.framework */; };
/* End PBXBuildFile section */

/* Begin PBXContainerItemProxy section */
		6247E7B01E839CF5003F26C2 /* PBXContainerItemProxy */ = {
			isa = PBXContainerItemProxy;
			containerPortal = 628CC9021CC0880C00FBE461 /* Project object */;
			proxyType = 1;
			remoteGlobalIDString = 6247E7A51E839CF5003F26C2;
			remoteInfo = DomeToday;
		};
/* End PBXContainerItemProxy section */

/* Begin PBXCopyFilesBuildPhase section */
		6247E7A11E839C94003F26C2 /* Embed App Extensions */ = {
			isa = PBXCopyFilesBuildPhase;
			buildActionMask = 2147483647;
			dstPath = "";
			dstSubfolderSpec = 13;
			files = (
				6247E7B21E839CF5003F26C2 /* DomeToday.appex in Embed App Extensions */,
			);
			name = "Embed App Extensions";
			runOnlyForDeploymentPostprocessing = 0;
		};
/* End PBXCopyFilesBuildPhase section */

/* Begin PBXFileReference section */
		6247E7351E839ACC003F26C2 /* FirstSectionViewModel.h */ = {isa = PBXFileReference; fileEncoding = 4; lastKnownFileType = sourcecode.c.h; path = FirstSectionViewModel.h; sourceTree = "<group>"; };
		6247E7361E839ACC003F26C2 /* FirstSectionViewModel.m */ = {isa = PBXFileReference; fileEncoding = 4; lastKnownFileType = sourcecode.c.objc; path = FirstSectionViewModel.m; sourceTree = "<group>"; };
		6247E73E1E839ACC003F26C2 /* T1TempTableViewVC.h */ = {isa = PBXFileReference; fileEncoding = 4; lastKnownFileType = sourcecode.c.h; path = T1TempTableViewVC.h; sourceTree = "<group>"; };
		6247E73F1E839ACC003F26C2 /* T1TempTableViewVC.m */ = {isa = PBXFileReference; fileEncoding = 4; lastKnownFileType = sourcecode.c.objc; path = T1TempTableViewVC.m; sourceTree = "<group>"; };
		6247E7401E839ACC003F26C2 /* T1TempTableViewVC.xib */ = {isa = PBXFileReference; fileEncoding = 4; lastKnownFileType = file.xib; path = T1TempTableViewVC.xib; sourceTree = "<group>"; };
		6247E7411E839ACC003F26C2 /* TempTableViewCell.h */ = {isa = PBXFileReference; fileEncoding = 4; lastKnownFileType = sourcecode.c.h; path = TempTableViewCell.h; sourceTree = "<group>"; };
		6247E7421E839ACC003F26C2 /* TempTableViewCell.m */ = {isa = PBXFileReference; fileEncoding = 4; lastKnownFileType = sourcecode.c.objc; path = TempTableViewCell.m; sourceTree = "<group>"; };
		6247E7431E839ACC003F26C2 /* TempTableViewCell.xib */ = {isa = PBXFileReference; fileEncoding = 4; lastKnownFileType = file.xib; path = TempTableViewCell.xib; sourceTree = "<group>"; };
		6247E7451E839ACC003F26C2 /* ContentTableViewCell.h */ = {isa = PBXFileReference; fileEncoding = 4; lastKnownFileType = sourcecode.c.h; path = ContentTableViewCell.h; sourceTree = "<group>"; };
		6247E7461E839ACC003F26C2 /* ContentTableViewCell.m */ = {isa = PBXFileReference; fileEncoding = 4; lastKnownFileType = sourcecode.c.objc; path = ContentTableViewCell.m; sourceTree = "<group>"; };
		6247E7471E839ACC003F26C2 /* ContentTableViewCell.xib */ = {isa = PBXFileReference; fileEncoding = 4; lastKnownFileType = file.xib; path = ContentTableViewCell.xib; sourceTree = "<group>"; };
		6247E7481E839ACC003F26C2 /* ContentVC.h */ = {isa = PBXFileReference; fileEncoding = 4; lastKnownFileType = sourcecode.c.h; path = ContentVC.h; sourceTree = "<group>"; };
		6247E7491E839ACC003F26C2 /* ContentVC.m */ = {isa = PBXFileReference; fileEncoding = 4; lastKnownFileType = sourcecode.c.objc; path = ContentVC.m; sourceTree = "<group>"; };
		6247E74A1E839ACC003F26C2 /* ContentVC.xib */ = {isa = PBXFileReference; fileEncoding = 4; lastKnownFileType = file.xib; path = ContentVC.xib; sourceTree = "<group>"; };
		6247E74C1E839ACC003F26C2 /* ScrollViewVC.h */ = {isa = PBXFileReference; fileEncoding = 4; lastKnownFileType = sourcecode.c.h; path = ScrollViewVC.h; sourceTree = "<group>"; };
		6247E74D1E839ACC003F26C2 /* ScrollViewVC.m */ = {isa = PBXFileReference; fileEncoding = 4; lastKnownFileType = sourcecode.c.objc; path = ScrollViewVC.m; sourceTree = "<group>"; };
		6247E74E1E839ACC003F26C2 /* ScrollViewVC.xib */ = {isa = PBXFileReference; fileEncoding = 4; lastKnownFileType = file.xib; path = ScrollViewVC.xib; sourceTree = "<group>"; };
		6247E7511E839ACC003F26C2 /* TouchDetailVC.h */ = {isa = PBXFileReference; fileEncoding = 4; lastKnownFileType = sourcecode.c.h; path = TouchDetailVC.h; sourceTree = "<group>"; };
		6247E7521E839ACC003F26C2 /* TouchDetailVC.m */ = {isa = PBXFileReference; fileEncoding = 4; lastKnownFileType = sourcecode.c.objc; path = TouchDetailVC.m; sourceTree = "<group>"; };
		6247E7531E839ACC003F26C2 /* TouchDetailVC.xib */ = {isa = PBXFileReference; fileEncoding = 4; lastKnownFileType = file.xib; path = TouchDetailVC.xib; sourceTree = "<group>"; };
		6247E7541E839ACC003F26C2 /* TouchListVC.h */ = {isa = PBXFileReference; fileEncoding = 4; lastKnownFileType = sourcecode.c.h; path = TouchListVC.h; sourceTree = "<group>"; };
		6247E7551E839ACC003F26C2 /* TouchListVC.m */ = {isa = PBXFileReference; fileEncoding = 4; lastKnownFileType = sourcecode.c.objc; path = TouchListVC.m; sourceTree = "<group>"; };
		6247E7561E839ACC003F26C2 /* TouchListVC.xib */ = {isa = PBXFileReference; fileEncoding = 4; lastKnownFileType = file.xib; path = TouchListVC.xib; sourceTree = "<group>"; };
		6247E7571E839ACC003F26C2 /* TouchListViewModel.h */ = {isa = PBXFileReference; fileEncoding = 4; lastKnownFileType = sourcecode.c.h; path = TouchListViewModel.h; sourceTree = "<group>"; };
		6247E7581E839ACC003F26C2 /* TouchListViewModel.m */ = {isa = PBXFileReference; fileEncoding = 4; lastKnownFileType = sourcecode.c.objc; path = TouchListViewModel.m; sourceTree = "<group>"; };
		6247E7591E839ACC003F26C2 /* TouchModel.h */ = {isa = PBXFileReference; fileEncoding = 4; lastKnownFileType = sourcecode.c.h; path = TouchModel.h; sourceTree = "<group>"; };
		6247E75A1E839ACC003F26C2 /* TouchModel.m */ = {isa = PBXFileReference; fileEncoding = 4; lastKnownFileType = sourcecode.c.objc; path = TouchModel.m; sourceTree = "<group>"; };
		6247E75C1E839ACC003F26C2 /* CustomFlowLayoutCell.h */ = {isa = PBXFileReference; fileEncoding = 4; lastKnownFileType = sourcecode.c.h; path = CustomFlowLayoutCell.h; sourceTree = "<group>"; };
		6247E75D1E839ACC003F26C2 /* CustomFlowLayoutCell.m */ = {isa = PBXFileReference; fileEncoding = 4; lastKnownFileType = sourcecode.c.objc; path = CustomFlowLayoutCell.m; sourceTree = "<group>"; };
		6247E75E1E839ACC003F26C2 /* CustomFlowLayoutCell.xib */ = {isa = PBXFileReference; fileEncoding = 4; lastKnownFileType = file.xib; path = CustomFlowLayoutCell.xib; sourceTree = "<group>"; };
		6247E75F1E839ACC003F26C2 /* CustomFlowLayoutVC.h */ = {isa = PBXFileReference; fileEncoding = 4; lastKnownFileType = sourcecode.c.h; path = CustomFlowLayoutVC.h; sourceTree = "<group>"; };
		6247E7601E839ACC003F26C2 /* CustomFlowLayoutVC.m */ = {isa = PBXFileReference; fileEncoding = 4; lastKnownFileType = sourcecode.c.objc; path = CustomFlowLayoutVC.m; sourceTree = "<group>"; };
		6247E7611E839ACC003F26C2 /* CustomFlowLayoutVC.xib */ = {isa = PBXFileReference; fileEncoding = 4; lastKnownFileType = file.xib; path = CustomFlowLayoutVC.xib; sourceTree = "<group>"; };
		6247E7621E839ACC003F26C2 /* GLCollectionViewFlowLayou.h */ = {isa = PBXFileReference; fileEncoding = 4; lastKnownFileType = sourcecode.c.h; path = GLCollectionViewFlowLayou.h; sourceTree = "<group>"; };
		6247E7631E839ACC003F26C2 /* GLCollectionViewFlowLayou.m */ = {isa = PBXFileReference; fileEncoding = 4; lastKnownFileType = sourcecode.c.objc; path = GLCollectionViewFlowLayou.m; sourceTree = "<group>"; };
		6247E7651E839ACC003F26C2 /* ScanCodeVC.h */ = {isa = PBXFileReference; fileEncoding = 4; lastKnownFileType = sourcecode.c.h; path = ScanCodeVC.h; sourceTree = "<group>"; };
		6247E7661E839ACC003F26C2 /* ScanCodeVC.m */ = {isa = PBXFileReference; fileEncoding = 4; lastKnownFileType = sourcecode.c.objc; path = ScanCodeVC.m; sourceTree = "<group>"; };
		6247E7671E839ACC003F26C2 /* ScanCodeVC.xib */ = {isa = PBXFileReference; fileEncoding = 4; lastKnownFileType = file.xib; path = ScanCodeVC.xib; sourceTree = "<group>"; };
		6247E76A1E839ACC003F26C2 /* JSPatchVC.h */ = {isa = PBXFileReference; fileEncoding = 4; lastKnownFileType = sourcecode.c.h; path = JSPatchVC.h; sourceTree = "<group>"; };
		6247E76B1E839ACC003F26C2 /* JSPatchVC.m */ = {isa = PBXFileReference; fileEncoding = 4; lastKnownFileType = sourcecode.c.objc; path = JSPatchVC.m; sourceTree = "<group>"; };
		6247E76C1E839ACC003F26C2 /* JSPatchVC.xib */ = {isa = PBXFileReference; fileEncoding = 4; lastKnownFileType = file.xib; path = JSPatchVC.xib; sourceTree = "<group>"; };
		6247E7891E839BC8003F26C2 /* main.js */ = {isa = PBXFileReference; fileEncoding = 4; lastKnownFileType = sourcecode.javascript; path = main.js; sourceTree = "<group>"; };
		6247E7911E839C94003F26C2 /* NotificationCenter.framework */ = {isa = PBXFileReference; lastKnownFileType = wrapper.framework; name = NotificationCenter.framework; path = System/Library/Frameworks/NotificationCenter.framework; sourceTree = SDKROOT; };
		6247E7A61E839CF5003F26C2 /* DomeToday.appex */ = {isa = PBXFileReference; explicitFileType = "wrapper.app-extension"; includeInIndex = 0; path = DomeToday.appex; sourceTree = BUILT_PRODUCTS_DIR; };
		6247E7A91E839CF5003F26C2 /* TodayViewController.h */ = {isa = PBXFileReference; lastKnownFileType = sourcecode.c.h; path = TodayViewController.h; sourceTree = "<group>"; };
		6247E7AA1E839CF5003F26C2 /* TodayViewController.m */ = {isa = PBXFileReference; lastKnownFileType = sourcecode.c.objc; path = TodayViewController.m; sourceTree = "<group>"; };
		6247E7AD1E839CF5003F26C2 /* Base */ = {isa = PBXFileReference; lastKnownFileType = file.storyboard; name = Base; path = Base.lproj/MainInterface.storyboard; sourceTree = "<group>"; };
		6247E7AF1E839CF5003F26C2 /* Info.plist */ = {isa = PBXFileReference; lastKnownFileType = text.plist.xml; path = Info.plist; sourceTree = "<group>"; };
		6247E7B61E83AD9B003F26C2 /* TodayShowCell.h */ = {isa = PBXFileReference; fileEncoding = 4; lastKnownFileType = sourcecode.c.h; path = TodayShowCell.h; sourceTree = "<group>"; };
		6247E7B71E83AD9B003F26C2 /* TodayShowCell.m */ = {isa = PBXFileReference; fileEncoding = 4; lastKnownFileType = sourcecode.c.objc; path = TodayShowCell.m; sourceTree = "<group>"; };
		6247E7B91E83AE9E003F26C2 /* TodayModel.h */ = {isa = PBXFileReference; fileEncoding = 4; lastKnownFileType = sourcecode.c.h; path = TodayModel.h; sourceTree = "<group>"; };
		6247E7BA1E83AE9E003F26C2 /* TodayModel.m */ = {isa = PBXFileReference; fileEncoding = 4; lastKnownFileType = sourcecode.c.objc; path = TodayModel.m; sourceTree = "<group>"; };
		6247E7BC1E83D67C003F26C2 /* DemoCollection.entitlements */ = {isa = PBXFileReference; lastKnownFileType = text.plist.entitlements; path = DemoCollection.entitlements; sourceTree = "<group>"; };
		6247E7BD1E83D697003F26C2 /* DomeToday.entitlements */ = {isa = PBXFileReference; lastKnownFileType = text.plist.entitlements; path = DomeToday.entitlements; sourceTree = "<group>"; };
		628CC90A1CC0880C00FBE461 /* DemoCollection.app */ = {isa = PBXFileReference; explicitFileType = wrapper.application; includeInIndex = 0; path = DemoCollection.app; sourceTree = BUILT_PRODUCTS_DIR; };
		628CC90E1CC0880C00FBE461 /* main.m */ = {isa = PBXFileReference; lastKnownFileType = sourcecode.c.objc; path = main.m; sourceTree = "<group>"; };
		628CC9101CC0880C00FBE461 /* AppDelegate.h */ = {isa = PBXFileReference; lastKnownFileType = sourcecode.c.h; path = AppDelegate.h; sourceTree = "<group>"; };
		628CC9111CC0880C00FBE461 /* AppDelegate.m */ = {isa = PBXFileReference; lastKnownFileType = sourcecode.c.objc; path = AppDelegate.m; sourceTree = "<group>"; };
		628CC9191CC0880C00FBE461 /* Assets.xcassets */ = {isa = PBXFileReference; lastKnownFileType = folder.assetcatalog; path = Assets.xcassets; sourceTree = "<group>"; };
		628CC91C1CC0880C00FBE461 /* Base */ = {isa = PBXFileReference; lastKnownFileType = file.storyboard; name = Base; path = Base.lproj/LaunchScreen.storyboard; sourceTree = "<group>"; };
		628CC91E1CC0880C00FBE461 /* Info.plist */ = {isa = PBXFileReference; lastKnownFileType = text.plist.xml; path = Info.plist; sourceTree = "<group>"; };
		628CC9241CC08C8C00FBE461 /* FirstVC.h */ = {isa = PBXFileReference; fileEncoding = 4; lastKnownFileType = sourcecode.c.h; path = FirstVC.h; sourceTree = "<group>"; };
		628CC9251CC08C8C00FBE461 /* FirstVC.m */ = {isa = PBXFileReference; fileEncoding = 4; lastKnownFileType = sourcecode.c.objc; path = FirstVC.m; sourceTree = "<group>"; };
		628CC9261CC08C8C00FBE461 /* FirstVC.xib */ = {isa = PBXFileReference; fileEncoding = 4; lastKnownFileType = file.xib; path = FirstVC.xib; sourceTree = "<group>"; };
		628CC9291CC08DDF00FBE461 /* FirstViewModel.h */ = {isa = PBXFileReference; fileEncoding = 4; lastKnownFileType = sourcecode.c.h; path = FirstViewModel.h; sourceTree = "<group>"; };
		628CC92A1CC08DDF00FBE461 /* FirstViewModel.m */ = {isa = PBXFileReference; fileEncoding = 4; lastKnownFileType = sourcecode.c.objc; path = FirstViewModel.m; sourceTree = "<group>"; };
		628CC92C1CC08E8100FBE461 /* PrefixHeader.pch */ = {isa = PBXFileReference; lastKnownFileType = sourcecode.c.h; path = PrefixHeader.pch; sourceTree = "<group>"; };
		628CC92E1CC0905F00FBE461 /* MacrosHeaders.h */ = {isa = PBXFileReference; lastKnownFileType = sourcecode.c.h; path = MacrosHeaders.h; sourceTree = "<group>"; };
		628CC93F1CC094EC00FBE461 /* BaseVC.h */ = {isa = PBXFileReference; fileEncoding = 4; lastKnownFileType = sourcecode.c.h; path = BaseVC.h; sourceTree = "<group>"; };
		628CC9401CC094EC00FBE461 /* BaseVC.m */ = {isa = PBXFileReference; fileEncoding = 4; lastKnownFileType = sourcecode.c.objc; path = BaseVC.m; sourceTree = "<group>"; };
		62AD878F1D4A006200AB65BA /* JavaScriptCore.framework */ = {isa = PBXFileReference; lastKnownFileType = wrapper.framework; name = JavaScriptCore.framework; path = System/Library/PrivateFrameworks/JavaScriptCore.framework; sourceTree = SDKROOT; };
		62AD87911D4A024300AB65BA /* libz.tbd */ = {isa = PBXFileReference; lastKnownFileType = "sourcecode.text-based-dylib-definition"; name = libz.tbd; path = usr/lib/libz.tbd; sourceTree = SDKROOT; };
		62AD879E1D4A116400AB65BA /* JSPatch.framework */ = {isa = PBXFileReference; lastKnownFileType = wrapper.framework; path = JSPatch.framework; sourceTree = "<group>"; };
/* End PBXFileReference section */

/* Begin PBXFrameworksBuildPhase section */
		6247E7A31E839CF5003F26C2 /* Frameworks */ = {
			isa = PBXFrameworksBuildPhase;
			buildActionMask = 2147483647;
			files = (
				6247E7A71E839CF5003F26C2 /* NotificationCenter.framework in Frameworks */,
			);
			runOnlyForDeploymentPostprocessing = 0;
		};
		628CC9071CC0880C00FBE461 /* Frameworks */ = {
			isa = PBXFrameworksBuildPhase;
			buildActionMask = 2147483647;
			files = (
				62AD879F1D4A116400AB65BA /* JSPatch.framework in Frameworks */,
				62AD87921D4A024300AB65BA /* libz.tbd in Frameworks */,
				62AD87901D4A006200AB65BA /* JavaScriptCore.framework in Frameworks */,
			);
			runOnlyForDeploymentPostprocessing = 0;
		};
/* End PBXFrameworksBuildPhase section */

/* Begin PBXGroup section */
		6247E7331E839ACC003F26C2 /* FirstSection */ = {
			isa = PBXGroup;
			children = (
				6247E7351E839ACC003F26C2 /* FirstSectionViewModel.h */,
				6247E7361E839ACC003F26C2 /* FirstSectionViewModel.m */,
				6247E73D1E839ACC003F26C2 /* Xib-createMulti-Cell */,
				6247E7441E839ACC003F26C2 /* Xib-priorityLayout */,
				6247E74B1E839ACC003F26C2 /* Xib-scrollView */,
			);
			path = FirstSection;
			sourceTree = "<group>";
		};
		6247E73D1E839ACC003F26C2 /* Xib-createMulti-Cell */ = {
			isa = PBXGroup;
			children = (
				6247E73E1E839ACC003F26C2 /* T1TempTableViewVC.h */,
				6247E73F1E839ACC003F26C2 /* T1TempTableViewVC.m */,
				6247E7401E839ACC003F26C2 /* T1TempTableViewVC.xib */,
				6247E7411E839ACC003F26C2 /* TempTableViewCell.h */,
				6247E7421E839ACC003F26C2 /* TempTableViewCell.m */,
				6247E7431E839ACC003F26C2 /* TempTableViewCell.xib */,
			);
			path = "Xib-createMulti-Cell";
			sourceTree = "<group>";
		};
		6247E7441E839ACC003F26C2 /* Xib-priorityLayout */ = {
			isa = PBXGroup;
			children = (
				6247E7451E839ACC003F26C2 /* ContentTableViewCell.h */,
				6247E7461E839ACC003F26C2 /* ContentTableViewCell.m */,
				6247E7471E839ACC003F26C2 /* ContentTableViewCell.xib */,
				6247E7481E839ACC003F26C2 /* ContentVC.h */,
				6247E7491E839ACC003F26C2 /* ContentVC.m */,
				6247E74A1E839ACC003F26C2 /* ContentVC.xib */,
			);
			path = "Xib-priorityLayout";
			sourceTree = "<group>";
		};
		6247E74B1E839ACC003F26C2 /* Xib-scrollView */ = {
			isa = PBXGroup;
			children = (
				6247E74C1E839ACC003F26C2 /* ScrollViewVC.h */,
				6247E74D1E839ACC003F26C2 /* ScrollViewVC.m */,
				6247E74E1E839ACC003F26C2 /* ScrollViewVC.xib */,
			);
			path = "Xib-scrollView";
			sourceTree = "<group>";
		};
		6247E74F1E839ACC003F26C2 /* SecondSection */ = {
			isa = PBXGroup;
			children = (
				6247E7501E839ACC003F26C2 /* 3DTouch */,
				6247E75B1E839ACC003F26C2 /* CustomCollectionFlowLayout */,
				6247E7641E839ACC003F26C2 /* Ios7-scanCode */,
			);
			path = SecondSection;
			sourceTree = "<group>";
		};
		6247E7501E839ACC003F26C2 /* 3DTouch */ = {
			isa = PBXGroup;
			children = (
				6247E7511E839ACC003F26C2 /* TouchDetailVC.h */,
				6247E7521E839ACC003F26C2 /* TouchDetailVC.m */,
				6247E7531E839ACC003F26C2 /* TouchDetailVC.xib */,
				6247E7541E839ACC003F26C2 /* TouchListVC.h */,
				6247E7551E839ACC003F26C2 /* TouchListVC.m */,
				6247E7561E839ACC003F26C2 /* TouchListVC.xib */,
				6247E7571E839ACC003F26C2 /* TouchListViewModel.h */,
				6247E7581E839ACC003F26C2 /* TouchListViewModel.m */,
				6247E7591E839ACC003F26C2 /* TouchModel.h */,
				6247E75A1E839ACC003F26C2 /* TouchModel.m */,
			);
			path = 3DTouch;
			sourceTree = "<group>";
		};
		6247E75B1E839ACC003F26C2 /* CustomCollectionFlowLayout */ = {
			isa = PBXGroup;
			children = (
				6247E75C1E839ACC003F26C2 /* CustomFlowLayoutCell.h */,
				6247E75D1E839ACC003F26C2 /* CustomFlowLayoutCell.m */,
				6247E75E1E839ACC003F26C2 /* CustomFlowLayoutCell.xib */,
				6247E75F1E839ACC003F26C2 /* CustomFlowLayoutVC.h */,
				6247E7601E839ACC003F26C2 /* CustomFlowLayoutVC.m */,
				6247E7611E839ACC003F26C2 /* CustomFlowLayoutVC.xib */,
				6247E7621E839ACC003F26C2 /* GLCollectionViewFlowLayou.h */,
				6247E7631E839ACC003F26C2 /* GLCollectionViewFlowLayou.m */,
			);
			path = CustomCollectionFlowLayout;
			sourceTree = "<group>";
		};
		6247E7641E839ACC003F26C2 /* Ios7-scanCode */ = {
			isa = PBXGroup;
			children = (
				6247E7651E839ACC003F26C2 /* ScanCodeVC.h */,
				6247E7661E839ACC003F26C2 /* ScanCodeVC.m */,
				6247E7671E839ACC003F26C2 /* ScanCodeVC.xib */,
			);
			path = "Ios7-scanCode";
			sourceTree = "<group>";
		};
		6247E7681E839ACC003F26C2 /* ThirdSection */ = {
			isa = PBXGroup;
			children = (
				6247E7691E839ACC003F26C2 /* JSPatch */,
			);
			path = ThirdSection;
			sourceTree = "<group>";
		};
		6247E7691E839ACC003F26C2 /* JSPatch */ = {
			isa = PBXGroup;
			children = (
				6247E7891E839BC8003F26C2 /* main.js */,
				6247E76A1E839ACC003F26C2 /* JSPatchVC.h */,
				6247E76B1E839ACC003F26C2 /* JSPatchVC.m */,
				6247E76C1E839ACC003F26C2 /* JSPatchVC.xib */,
			);
			path = JSPatch;
			sourceTree = "<group>";
		};
		6247E7901E839C94003F26C2 /* Frameworks */ = {
			isa = PBXGroup;
			children = (
				6247E7911E839C94003F26C2 /* NotificationCenter.framework */,
			);
			name = Frameworks;
			sourceTree = "<group>";
		};
		6247E7A81E839CF5003F26C2 /* DomeToday */ = {
			isa = PBXGroup;
			children = (
				6247E7BD1E83D697003F26C2 /* DomeToday.entitlements */,
				6247E7A91E839CF5003F26C2 /* TodayViewController.h */,
				6247E7AA1E839CF5003F26C2 /* TodayViewController.m */,
				6247E7AC1E839CF5003F26C2 /* MainInterface.storyboard */,
				6247E7B61E83AD9B003F26C2 /* TodayShowCell.h */,
				6247E7B71E83AD9B003F26C2 /* TodayShowCell.m */,
				6247E7B91E83AE9E003F26C2 /* TodayModel.h */,
				6247E7BA1E83AE9E003F26C2 /* TodayModel.m */,
				6247E7AF1E839CF5003F26C2 /* Info.plist */,
			);
			path = DomeToday;
			sourceTree = "<group>";
		};
		628CC9011CC0880C00FBE461 = {
			isa = PBXGroup;
			children = (
				62AD879E1D4A116400AB65BA /* JSPatch.framework */,
				62AD87911D4A024300AB65BA /* libz.tbd */,
				62AD878F1D4A006200AB65BA /* JavaScriptCore.framework */,
				628CC90C1CC0880C00FBE461 /* DemoCollection */,
				6247E7A81E839CF5003F26C2 /* DomeToday */,
				6247E7901E839C94003F26C2 /* Frameworks */,
				628CC90B1CC0880C00FBE461 /* Products */,
			);
			sourceTree = "<group>";
		};
		628CC90B1CC0880C00FBE461 /* Products */ = {
			isa = PBXGroup;
			children = (
				628CC90A1CC0880C00FBE461 /* DemoCollection.app */,
				6247E7A61E839CF5003F26C2 /* DomeToday.appex */,
			);
			name = Products;
			sourceTree = "<group>";
		};
		628CC90C1CC0880C00FBE461 /* DemoCollection */ = {
			isa = PBXGroup;
			children = (
				6247E7BC1E83D67C003F26C2 /* DemoCollection.entitlements */,
				628CC9101CC0880C00FBE461 /* AppDelegate.h */,
				628CC9111CC0880C00FBE461 /* AppDelegate.m */,
				628CC93F1CC094EC00FBE461 /* BaseVC.h */,
				628CC9401CC094EC00FBE461 /* BaseVC.m */,
				628CC9241CC08C8C00FBE461 /* FirstVC.h */,
				628CC9251CC08C8C00FBE461 /* FirstVC.m */,
				628CC9261CC08C8C00FBE461 /* FirstVC.xib */,
				628CC9291CC08DDF00FBE461 /* FirstViewModel.h */,
				628CC92A1CC08DDF00FBE461 /* FirstViewModel.m */,
				628CC92C1CC08E8100FBE461 /* PrefixHeader.pch */,
				628CC92E1CC0905F00FBE461 /* MacrosHeaders.h */,
				6247E7331E839ACC003F26C2 /* FirstSection */,
				6247E74F1E839ACC003F26C2 /* SecondSection */,
				6247E7681E839ACC003F26C2 /* ThirdSection */,
				628CC9191CC0880C00FBE461 /* Assets.xcassets */,
				628CC91B1CC0880C00FBE461 /* LaunchScreen.storyboard */,
				628CC91E1CC0880C00FBE461 /* Info.plist */,
				628CC90D1CC0880C00FBE461 /* Supporting Files */,
			);
			path = DemoCollection;
			sourceTree = "<group>";
		};
		628CC90D1CC0880C00FBE461 /* Supporting Files */ = {
			isa = PBXGroup;
			children = (
				628CC90E1CC0880C00FBE461 /* main.m */,
			);
			name = "Supporting Files";
			sourceTree = "<group>";
		};
/* End PBXGroup section */

/* Begin PBXNativeTarget section */
		6247E7A51E839CF5003F26C2 /* DomeToday */ = {
			isa = PBXNativeTarget;
			buildConfigurationList = 6247E7B31E839CF5003F26C2 /* Build configuration list for PBXNativeTarget "DomeToday" */;
			buildPhases = (
				6247E7A21E839CF5003F26C2 /* Sources */,
				6247E7A31E839CF5003F26C2 /* Frameworks */,
				6247E7A41E839CF5003F26C2 /* Resources */,
			);
			buildRules = (
			);
			dependencies = (
			);
			name = DomeToday;
			productName = DomeToday;
			productReference = 6247E7A61E839CF5003F26C2 /* DomeToday.appex */;
			productType = "com.apple.product-type.app-extension";
		};
		628CC9091CC0880C00FBE461 /* DemoCollection */ = {
			isa = PBXNativeTarget;
			buildConfigurationList = 628CC9211CC0880C00FBE461 /* Build configuration list for PBXNativeTarget "DemoCollection" */;
			buildPhases = (
				628CC9061CC0880C00FBE461 /* Sources */,
				628CC9071CC0880C00FBE461 /* Frameworks */,
				628CC9081CC0880C00FBE461 /* Resources */,
				6247E7A11E839C94003F26C2 /* Embed App Extensions */,
			);
			buildRules = (
			);
			dependencies = (
				6247E7B11E839CF5003F26C2 /* PBXTargetDependency */,
			);
			name = DemoCollection;
			productName = DemoCollection;
			productReference = 628CC90A1CC0880C00FBE461 /* DemoCollection.app */;
			productType = "com.apple.product-type.application";
		};
/* End PBXNativeTarget section */

/* Begin PBXProject section */
		628CC9021CC0880C00FBE461 /* Project object */ = {
			isa = PBXProject;
			attributes = {
				LastUpgradeCheck = 0820;
				ORGANIZATIONNAME = "许龙";
				TargetAttributes = {
					6247E7A51E839CF5003F26C2 = {
						CreatedOnToolsVersion = 8.2.1;
						DevelopmentTeam = 9BW9888484;
						ProvisioningStyle = Automatic;
						SystemCapabilities = {
							com.apple.ApplicationGroups.iOS = {
								enabled = 1;
							};
						};
					};
					628CC9091CC0880C00FBE461 = {
						CreatedOnToolsVersion = 7.2.1;
						DevelopmentTeam = 9BW9888484;
						SystemCapabilities = {
							com.apple.ApplicationGroups.iOS = {
								enabled = 1;
							};
						};
					};
				};
			};
			buildConfigurationList = 628CC9051CC0880C00FBE461 /* Build configuration list for PBXProject "DemoCollection" */;
			compatibilityVersion = "Xcode 3.2";
			developmentRegion = English;
			hasScannedForEncodings = 0;
			knownRegions = (
				en,
				Base,
			);
			mainGroup = 628CC9011CC0880C00FBE461;
			productRefGroup = 628CC90B1CC0880C00FBE461 /* Products */;
			projectDirPath = "";
			projectRoot = "";
			targets = (
				628CC9091CC0880C00FBE461 /* DemoCollection */,
				6247E7A51E839CF5003F26C2 /* DomeToday */,
			);
		};
/* End PBXProject section */

/* Begin PBXResourcesBuildPhase section */
		6247E7A41E839CF5003F26C2 /* Resources */ = {
			isa = PBXResourcesBuildPhase;
			buildActionMask = 2147483647;
			files = (
				6247E7AE1E839CF5003F26C2 /* MainInterface.storyboard in Resources */,
			);
			runOnlyForDeploymentPostprocessing = 0;
		};
		628CC9081CC0880C00FBE461 /* Resources */ = {
			isa = PBXResourcesBuildPhase;
			buildActionMask = 2147483647;
			files = (
				6247E77D1E839ACC003F26C2 /* TouchListVC.xib in Resources */,
				6247E77B1E839ACC003F26C2 /* TouchDetailVC.xib in Resources */,
				628CC91D1CC0880C00FBE461 /* LaunchScreen.storyboard in Resources */,
				6247E7811E839ACC003F26C2 /* CustomFlowLayoutCell.xib in Resources */,
				6247E7881E839ACC003F26C2 /* JSPatchVC.xib in Resources */,
				628CC9281CC08C8C00FBE461 /* FirstVC.xib in Resources */,
				6247E7861E839ACC003F26C2 /* ScanCodeVC.xib in Resources */,
				6247E7711E839ACC003F26C2 /* T1TempTableViewVC.xib in Resources */,
				6247E7831E839ACC003F26C2 /* CustomFlowLayoutVC.xib in Resources */,
				6247E78A1E839BC8003F26C2 /* main.js in Resources */,
				6247E7731E839ACC003F26C2 /* TempTableViewCell.xib in Resources */,
				6247E7791E839ACC003F26C2 /* ScrollViewVC.xib in Resources */,
				628CC91A1CC0880C00FBE461 /* Assets.xcassets in Resources */,
				6247E7751E839ACC003F26C2 /* ContentTableViewCell.xib in Resources */,
				6247E7771E839ACC003F26C2 /* ContentVC.xib in Resources */,
			);
			runOnlyForDeploymentPostprocessing = 0;
		};
/* End PBXResourcesBuildPhase section */

/* Begin PBXSourcesBuildPhase section */
		6247E7A21E839CF5003F26C2 /* Sources */ = {
			isa = PBXSourcesBuildPhase;
			buildActionMask = 2147483647;
			files = (
				6247E7B81E83AD9B003F26C2 /* TodayShowCell.m in Sources */,
				6247E7AB1E839CF5003F26C2 /* TodayViewController.m in Sources */,
				6247E7BB1E83AE9E003F26C2 /* TodayModel.m in Sources */,
			);
			runOnlyForDeploymentPostprocessing = 0;
		};
		628CC9061CC0880C00FBE461 /* Sources */ = {
			isa = PBXSourcesBuildPhase;
			buildActionMask = 2147483647;
			files = (
				6247E7761E839ACC003F26C2 /* ContentVC.m in Sources */,
				628CC9411CC094EC00FBE461 /* BaseVC.m in Sources */,
				628CC9271CC08C8C00FBE461 /* FirstVC.m in Sources */,
				628CC9121CC0880C00FBE461 /* AppDelegate.m in Sources */,
				6247E7781E839ACC003F26C2 /* ScrollViewVC.m in Sources */,
				6247E7801E839ACC003F26C2 /* CustomFlowLayoutCell.m in Sources */,
				6247E77A1E839ACC003F26C2 /* TouchDetailVC.m in Sources */,
				6247E7821E839ACC003F26C2 /* CustomFlowLayoutVC.m in Sources */,
				6247E7871E839ACC003F26C2 /* JSPatchVC.m in Sources */,
				6247E76D1E839ACC003F26C2 /* FirstSectionViewModel.m in Sources */,
				628CC90F1CC0880C00FBE461 /* main.m in Sources */,
				6247E7701E839ACC003F26C2 /* T1TempTableViewVC.m in Sources */,
				628CC92B1CC08DDF00FBE461 /* FirstViewModel.m in Sources */,
				6247E77F1E839ACC003F26C2 /* TouchModel.m in Sources */,
				6247E7841E839ACC003F26C2 /* GLCollectionViewFlowLayou.m in Sources */,
				6247E7721E839ACC003F26C2 /* TempTableViewCell.m in Sources */,
				6247E7851E839ACC003F26C2 /* ScanCodeVC.m in Sources */,
				6247E77E1E839ACC003F26C2 /* TouchListViewModel.m in Sources */,
				6247E77C1E839ACC003F26C2 /* TouchListVC.m in Sources */,
				6247E7741E839ACC003F26C2 /* ContentTableViewCell.m in Sources */,
			);
			runOnlyForDeploymentPostprocessing = 0;
		};
/* End PBXSourcesBuildPhase section */

/* Begin PBXTargetDependency section */
		6247E7B11E839CF5003F26C2 /* PBXTargetDependency */ = {
			isa = PBXTargetDependency;
			target = 6247E7A51E839CF5003F26C2 /* DomeToday */;
			targetProxy = 6247E7B01E839CF5003F26C2 /* PBXContainerItemProxy */;
		};
/* End PBXTargetDependency section */

/* Begin PBXVariantGroup section */
		6247E7AC1E839CF5003F26C2 /* MainInterface.storyboard */ = {
			isa = PBXVariantGroup;
			children = (
				6247E7AD1E839CF5003F26C2 /* Base */,
			);
			name = MainInterface.storyboard;
			sourceTree = "<group>";
		};
		628CC91B1CC0880C00FBE461 /* LaunchScreen.storyboard */ = {
			isa = PBXVariantGroup;
			children = (
				628CC91C1CC0880C00FBE461 /* Base */,
			);
			name = LaunchScreen.storyboard;
			sourceTree = "<group>";
		};
/* End PBXVariantGroup section */

/* Begin XCBuildConfiguration section */
		6247E7B41E839CF5003F26C2 /* Debug */ = {
			isa = XCBuildConfiguration;
			buildSettings = {
				CLANG_ANALYZER_NONNULL = YES;
				CLANG_WARN_DOCUMENTATION_COMMENTS = YES;
				CLANG_WARN_INFINITE_RECURSION = YES;
				CLANG_WARN_SUSPICIOUS_MOVE = YES;
				CODE_SIGN_ENTITLEMENTS = DomeToday/DomeToday.entitlements;
				CODE_SIGN_IDENTITY = "iPhone Developer";
				DEVELOPMENT_TEAM = 9BW9888484;
				INFOPLIST_FILE = DomeToday/Info.plist;
				IPHONEOS_DEPLOYMENT_TARGET = 10.2;
				LD_RUNPATH_SEARCH_PATHS = "$(inherited) @executable_path/Frameworks @executable_path/../../Frameworks";
				PRODUCT_BUNDLE_IDENTIFIER = com.DemoCollection.personal.today;
				PRODUCT_NAME = "$(TARGET_NAME)";
				SKIP_INSTALL = YES;
			};
			name = Debug;
		};
		6247E7B51E839CF5003F26C2 /* Release */ = {
			isa = XCBuildConfiguration;
			buildSettings = {
				CLANG_ANALYZER_NONNULL = YES;
				CLANG_WARN_DOCUMENTATION_COMMENTS = YES;
				CLANG_WARN_INFINITE_RECURSION = YES;
				CLANG_WARN_SUSPICIOUS_MOVE = YES;
				CODE_SIGN_ENTITLEMENTS = DomeToday/DomeToday.entitlements;
				CODE_SIGN_IDENTITY = "iPhone Developer";
				DEVELOPMENT_TEAM = 9BW9888484;
				INFOPLIST_FILE = DomeToday/Info.plist;
				IPHONEOS_DEPLOYMENT_TARGET = 10.2;
				LD_RUNPATH_SEARCH_PATHS = "$(inherited) @executable_path/Frameworks @executable_path/../../Frameworks";
				PRODUCT_BUNDLE_IDENTIFIER = com.DemoCollection.personal.today;
				PRODUCT_NAME = "$(TARGET_NAME)";
				SKIP_INSTALL = YES;
			};
			name = Release;
		};
		628CC91F1CC0880C00FBE461 /* Debug */ = {
			isa = XCBuildConfiguration;
			buildSettings = {
				ALWAYS_SEARCH_USER_PATHS = NO;
				CLANG_CXX_LANGUAGE_STANDARD = "gnu++0x";
				CLANG_CXX_LIBRARY = "libc++";
				CLANG_ENABLE_MODULES = YES;
				CLANG_ENABLE_OBJC_ARC = YES;
				CLANG_WARN_BOOL_CONVERSION = YES;
				CLANG_WARN_CONSTANT_CONVERSION = YES;
				CLANG_WARN_DIRECT_OBJC_ISA_USAGE = YES_ERROR;
				CLANG_WARN_EMPTY_BODY = YES;
				CLANG_WARN_ENUM_CONVERSION = YES;
				CLANG_WARN_INFINITE_RECURSION = YES;
				CLANG_WARN_INT_CONVERSION = YES;
				CLANG_WARN_OBJC_ROOT_CLASS = YES_ERROR;
				CLANG_WARN_SUSPICIOUS_MOVE = YES;
				CLANG_WARN_UNREACHABLE_CODE = YES;
				CLANG_WARN__DUPLICATE_METHOD_MATCH = YES;
				"CODE_SIGN_IDENTITY[sdk=iphoneos*]" = "iPhone Developer";
				COPY_PHASE_STRIP = NO;
				DEBUG_INFORMATION_FORMAT = dwarf;
				ENABLE_STRICT_OBJC_MSGSEND = YES;
				ENABLE_TESTABILITY = YES;
				GCC_C_LANGUAGE_STANDARD = gnu99;
				GCC_DYNAMIC_NO_PIC = NO;
				GCC_NO_COMMON_BLOCKS = YES;
				GCC_OPTIMIZATION_LEVEL = 0;
				GCC_PREPROCESSOR_DEFINITIONS = (
					"DEBUG=1",
					"$(inherited)",
				);
				GCC_WARN_64_TO_32_BIT_CONVERSION = YES;
				GCC_WARN_ABOUT_RETURN_TYPE = YES_ERROR;
				GCC_WARN_UNDECLARED_SELECTOR = YES;
				GCC_WARN_UNINITIALIZED_AUTOS = YES_AGGRESSIVE;
				GCC_WARN_UNUSED_FUNCTION = YES;
				GCC_WARN_UNUSED_VARIABLE = YES;
				IPHONEOS_DEPLOYMENT_TARGET = 10.0;
				MTL_ENABLE_DEBUG_INFO = YES;
				ONLY_ACTIVE_ARCH = YES;
				SDKROOT = iphoneos;
			};
			name = Debug;
		};
		628CC9201CC0880C00FBE461 /* Release */ = {
			isa = XCBuildConfiguration;
			buildSettings = {
				ALWAYS_SEARCH_USER_PATHS = NO;
				CLANG_CXX_LANGUAGE_STANDARD = "gnu++0x";
				CLANG_CXX_LIBRARY = "libc++";
				CLANG_ENABLE_MODULES = YES;
				CLANG_ENABLE_OBJC_ARC = YES;
				CLANG_WARN_BOOL_CONVERSION = YES;
				CLANG_WARN_CONSTANT_CONVERSION = YES;
				CLANG_WARN_DIRECT_OBJC_ISA_USAGE = YES_ERROR;
				CLANG_WARN_EMPTY_BODY = YES;
				CLANG_WARN_ENUM_CONVERSION = YES;
				CLANG_WARN_INFINITE_RECURSION = YES;
				CLANG_WARN_INT_CONVERSION = YES;
				CLANG_WARN_OBJC_ROOT_CLASS = YES_ERROR;
				CLANG_WARN_SUSPICIOUS_MOVE = YES;
				CLANG_WARN_UNREACHABLE_CODE = YES;
				CLANG_WARN__DUPLICATE_METHOD_MATCH = YES;
				"CODE_SIGN_IDENTITY[sdk=iphoneos*]" = "iPhone Developer";
				COPY_PHASE_STRIP = NO;
				DEBUG_INFORMATION_FORMAT = "dwarf-with-dsym";
				ENABLE_NS_ASSERTIONS = NO;
				ENABLE_STRICT_OBJC_MSGSEND = YES;
				GCC_C_LANGUAGE_STANDARD = gnu99;
				GCC_NO_COMMON_BLOCKS = YES;
				GCC_WARN_64_TO_32_BIT_CONVERSION = YES;
				GCC_WARN_ABOUT_RETURN_TYPE = YES_ERROR;
				GCC_WARN_UNDECLARED_SELECTOR = YES;
				GCC_WARN_UNINITIALIZED_AUTOS = YES_AGGRESSIVE;
				GCC_WARN_UNUSED_FUNCTION = YES;
				GCC_WARN_UNUSED_VARIABLE = YES;
				IPHONEOS_DEPLOYMENT_TARGET = 10.0;
				MTL_ENABLE_DEBUG_INFO = NO;
				SDKROOT = iphoneos;
				VALIDATE_PRODUCT = YES;
			};
			name = Release;
		};
		628CC9221CC0880C00FBE461 /* Debug */ = {
			isa = XCBuildConfiguration;
			buildSettings = {
				ASSETCATALOG_COMPILER_APPICON_NAME = AppIcon;
				ASSETCATALOG_COMPILER_LAUNCHIMAGE_NAME = LaunchImage;
				CODE_SIGN_ENTITLEMENTS = DemoCollection/DemoCollection.entitlements;
				CODE_SIGN_IDENTITY = "iPhone Developer";
				DEVELOPMENT_TEAM = 9BW9888484;
				FRAMEWORK_SEARCH_PATHS = (
					"$(inherited)",
					"$(PROJECT_DIR)",
					"$(SDKROOT)$(SYSTEM_LIBRARY_DIR)/PrivateFrameworks",
				);
				GCC_PREFIX_HEADER = "$(SRCROOT)/DemoCollection/PrefixHeader.pch";
				INFOPLIST_FILE = DemoCollection/Info.plist;
				IPHONEOS_DEPLOYMENT_TARGET = 9.0;
				LD_RUNPATH_SEARCH_PATHS = "$(inherited) @executable_path/Frameworks";
				PRODUCT_BUNDLE_IDENTIFIER = com.DemoCollection.personal;
				PRODUCT_NAME = "$(TARGET_NAME)";
			};
			name = Debug;
		};
		628CC9231CC0880C00FBE461 /* Release */ = {
			isa = XCBuildConfiguration;
			buildSettings = {
				ASSETCATALOG_COMPILER_APPICON_NAME = AppIcon;
				ASSETCATALOG_COMPILER_LAUNCHIMAGE_NAME = LaunchImage;
				CODE_SIGN_ENTITLEMENTS = DemoCollection/DemoCollection.entitlements;
				CODE_SIGN_IDENTITY = "iPhone Developer";
				DEVELOPMENT_TEAM = 9BW9888484;
				FRAMEWORK_SEARCH_PATHS = (
					"$(inherited)",
					"$(PROJECT_DIR)",
					"$(SDKROOT)$(SYSTEM_LIBRARY_DIR)/PrivateFrameworks",
				);
				GCC_PREFIX_HEADER = "$(SRCROOT)/DemoCollection/PrefixHeader.pch";
				INFOPLIST_FILE = DemoCollection/Info.plist;
				IPHONEOS_DEPLOYMENT_TARGET = 9.0;
				LD_RUNPATH_SEARCH_PATHS = "$(inherited) @executable_path/Frameworks";
				PRODUCT_BUNDLE_IDENTIFIER = com.DemoCollection.personal;
				PRODUCT_NAME = "$(TARGET_NAME)";
			};
			name = Release;
		};
/* End XCBuildConfiguration section */

/* Begin XCConfigurationList section */
		6247E7B31E839CF5003F26C2 /* Build configuration list for PBXNativeTarget "DomeToday" */ = {
			isa = XCConfigurationList;
			buildConfigurations = (
				6247E7B41E839CF5003F26C2 /* Debug */,
				6247E7B51E839CF5003F26C2 /* Release */,
			);
			defaultConfigurationIsVisible = 0;
			defaultConfigurationName = Release;
		};
		628CC9051CC0880C00FBE461 /* Build configuration list for PBXProject "DemoCollection" */ = {
			isa = XCConfigurationList;
			buildConfigurations = (
				628CC91F1CC0880C00FBE461 /* Debug */,
				628CC9201CC0880C00FBE461 /* Release */,
			);
			defaultConfigurationIsVisible = 0;
			defaultConfigurationName = Release;
		};
		628CC9211CC0880C00FBE461 /* Build configuration list for PBXNativeTarget "DemoCollection" */ = {
			isa = XCConfigurationList;
			buildConfigurations = (
				628CC9221CC0880C00FBE461 /* Debug */,
				628CC9231CC0880C00FBE461 /* Release */,
			);
			defaultConfigurationIsVisible = 0;
			defaultConfigurationName = Release;
		};
/* End XCConfigurationList section */
	};
	rootObject = 628CC9021CC0880C00FBE461 /* Project object */;
}
